
Microsoft Visual Studio Solution File, Format Version 12.00
# Visual Studio Version 16
VisualStudioVersion = 16.0.29905.134
MinimumVisualStudioVersion = 10.0.40219.1
Project("{2150E333-8FDC-42A3-9474-1A3956D46DE8}") = "Domain", "Domain", "{7BCB170E-274D-4096-B38B-EF1277AAF428}"
EndProject
Project("{2150E333-8FDC-42A3-9474-1A3956D46DE8}") = "Infrastructure", "Infrastructure", "{C0F93097-A2AA-490F-A001-F90A617EEFEA}"
EndProject
Project("{2150E333-8FDC-42A3-9474-1A3956D46DE8}") = "WebApplication", "WebApplication", "{9C7FB885-B52E-4BAE-AE71-ADDCE9A2E4DE}"
EndProject
Project("{2150E333-8FDC-42A3-9474-1A3956D46DE8}") = "Common", "Common", "{F2979C76-BC58-4729-9CB8-C0C8C4D7A020}"
EndProject
Project("{9A19103F-16F7-4668-BE54-9A1E7A4F7556}") = "OSS.WebApplication", "OSS.WebApplication\OSS.WebApplication.csproj", "{5B3CE6D8-1439-4B1C-B7F1-42D41AFE6B6B}"
EndProject
Project("{FAE04EC0-301F-11D3-BF4B-00C04F79EFBC}") = "OSS.Common", "OSS.Common.Core\OSS.Common.csproj", "{1D6319F5-F0F1-4857-816C-0CE9E93F437D}"
EndProject
Project("{FAE04EC0-301F-11D3-BF4B-00C04F79EFBC}") = "OSS.Domain", "OSS.Domain.Core\OSS.Domain.csproj", "{5D38705E-BA64-4B6D-AE8A-C7164E5EBF18}"
EndProject
Project("{FAE04EC0-301F-11D3-BF4B-00C04F79EFBC}") = "OSS.Domain.Logic.Interfaces", "OSS.Domain.Logic.Interfaces.Core\OSS.Domain.Logic.Interfaces.csproj", "{4AF7E355-FE47-4453-BFA5-985CFDDF216A}"
EndProject
Project("{FAE04EC0-301F-11D3-BF4B-00C04F79EFBC}") = "OSS.Domain.Logic.Services", "OSS.Domain.Logic.Services.Core\OSS.Domain.Logic.Services.csproj", "{2F415AE8-3E80-4549-95BE-E6ED3EE9D78E}"
EndProject
Project("{FAE04EC0-301F-11D3-BF4B-00C04F79EFBC}") = "OSS.Data.Interfaces", "OSS.Data.Interfaces.Core\OSS.Data.Interfaces.csproj", "{DC6E74E6-7129-4C74-87E3-5CDA2CBA4F3B}"
EndProject
Project("{FAE04EC0-301F-11D3-BF4B-00C04F79EFBC}") = "OSS.Data.Repositories", "OSS.Data.Repositories.Core\OSS.Data.Repositories.csproj", "{82A0BD30-53F8-4296-83DC-D9A974B6B136}"
EndProject
Global
	GlobalSection(SolutionConfigurationPlatforms) = preSolution
		Debug|Any CPU = Debug|Any CPU
		Release|Any CPU = Release|Any CPU
	EndGlobalSection
	GlobalSection(ProjectConfigurationPlatforms) = postSolution
		{5B3CE6D8-1439-4B1C-B7F1-42D41AFE6B6B}.Debug|Any CPU.ActiveCfg = Debug|Any CPU
		{5B3CE6D8-1439-4B1C-B7F1-42D41AFE6B6B}.Debug|Any CPU.Build.0 = Debug|Any CPU
		{5B3CE6D8-1439-4B1C-B7F1-42D41AFE6B6B}.Release|Any CPU.ActiveCfg = Release|Any CPU
		{5B3CE6D8-1439-4B1C-B7F1-42D41AFE6B6B}.Release|Any CPU.Build.0 = Release|Any CPU
		{1D6319F5-F0F1-4857-816C-0CE9E93F437D}.Debug|Any CPU.ActiveCfg = Debug|Any CPU
		{1D6319F5-F0F1-4857-816C-0CE9E93F437D}.Debug|Any CPU.Build.0 = Debug|Any CPU
		{1D6319F5-F0F1-4857-816C-0CE9E93F437D}.Release|Any CPU.ActiveCfg = Release|Any CPU
		{1D6319F5-F0F1-4857-816C-0CE9E93F437D}.Release|Any CPU.Build.0 = Release|Any CPU
		{5D38705E-BA64-4B6D-AE8A-C7164E5EBF18}.Debug|Any CPU.ActiveCfg = Debug|Any CPU
		{5D38705E-BA64-4B6D-AE8A-C7164E5EBF18}.Debug|Any CPU.Build.0 = Debug|Any CPU
		{5D38705E-BA64-4B6D-AE8A-C7164E5EBF18}.Release|Any CPU.ActiveCfg = Release|Any CPU
		{5D38705E-BA64-4B6D-AE8A-C7164E5EBF18}.Release|Any CPU.Build.0 = Release|Any CPU
		{4AF7E355-FE47-4453-BFA5-985CFDDF216A}.Debug|Any CPU.ActiveCfg = Debug|Any CPU
		{4AF7E355-FE47-4453-BFA5-985CFDDF216A}.Debug|Any CPU.Build.0 = Debug|Any CPU
		{4AF7E355-FE47-4453-BFA5-985CFDDF216A}.Release|Any CPU.ActiveCfg = Release|Any CPU
		{4AF7E355-FE47-4453-BFA5-985CFDDF216A}.Release|Any CPU.Build.0 = Release|Any CPU
		{2F415AE8-3E80-4549-95BE-E6ED3EE9D78E}.Debug|Any CPU.ActiveCfg = Debug|Any CPU
		{2F415AE8-3E80-4549-95BE-E6ED3EE9D78E}.Debug|Any CPU.Build.0 = Debug|Any CPU
		{2F415AE8-3E80-4549-95BE-E6ED3EE9D78E}.Release|Any CPU.ActiveCfg = Release|Any CPU
		{2F415AE8-3E80-4549-95BE-E6ED3EE9D78E}.Release|Any CPU.Build.0 = Release|Any CPU
		{DC6E74E6-7129-4C74-87E3-5CDA2CBA4F3B}.Debug|Any CPU.ActiveCfg = Debug|Any CPU
		{DC6E74E6-7129-4C74-87E3-5CDA2CBA4F3B}.Debug|Any CPU.Build.0 = Debug|Any CPU
		{DC6E74E6-7129-4C74-87E3-5CDA2CBA4F3B}.Release|Any CPU.ActiveCfg = Release|Any CPU
		{DC6E74E6-7129-4C74-87E3-5CDA2CBA4F3B}.Release|Any CPU.Build.0 = Release|Any CPU
		{82A0BD30-53F8-4296-83DC-D9A974B6B136}.Debug|Any CPU.ActiveCfg = Debug|Any CPU
		{82A0BD30-53F8-4296-83DC-D9A974B6B136}.Debug|Any CPU.Build.0 = Debug|Any CPU
		{82A0BD30-53F8-4296-83DC-D9A974B6B136}.Release|Any CPU.ActiveCfg = Release|Any CPU
		{82A0BD30-53F8-4296-83DC-D9A974B6B136}.Release|Any CPU.Build.0 = Release|Any CPU
	EndGlobalSection
	GlobalSection(SolutionProperties) = preSolution
		HideSolutionNode = FALSE
	EndGlobalSection
	GlobalSection(NestedProjects) = preSolution
		{5B3CE6D8-1439-4B1C-B7F1-42D41AFE6B6B} = {9C7FB885-B52E-4BAE-AE71-ADDCE9A2E4DE}
		{1D6319F5-F0F1-4857-816C-0CE9E93F437D} = {F2979C76-BC58-4729-9CB8-C0C8C4D7A020}
		{5D38705E-BA64-4B6D-AE8A-C7164E5EBF18} = {7BCB170E-274D-4096-B38B-EF1277AAF428}
		{4AF7E355-FE47-4453-BFA5-985CFDDF216A} = {7BCB170E-274D-4096-B38B-EF1277AAF428}
		{2F415AE8-3E80-4549-95BE-E6ED3EE9D78E} = {7BCB170E-274D-4096-B38B-EF1277AAF428}
		{DC6E74E6-7129-4C74-87E3-5CDA2CBA4F3B} = {C0F93097-A2AA-490F-A001-F90A617EEFEA}
		{82A0BD30-53F8-4296-83DC-D9A974B6B136} = {C0F93097-A2AA-490F-A001-F90A617EEFEA}
	EndGlobalSection
	GlobalSection(ExtensibilityGlobals) = postSolution
		SolutionGuid = {267B18BE-3A35-4D0D-B7C1-727AC92493F3}
	EndGlobalSection
EndGlobal
