
Microsoft Visual Studio Solution File, Format Version 12.00
# Visual Studio Version 16
VisualStudioVersion = 16.0.29905.134
MinimumVisualStudioVersion = 10.0.40219.1
Project("{9A19103F-16F7-4668-BE54-9A1E7A4F7556}") = "OSS.WebApplication", "OSS.WebApplication\OSS.WebApplication.csproj", "{5B3CE6D8-1439-4B1C-B7F1-42D41AFE6B6B}"
EndProject
Project("{FAE04EC0-301F-11D3-BF4B-00C04F79EFBC}") = "OSS.Model", "OSS.Model\OSS.Model.csproj", "{7ED3F73C-7DF7-4319-8BB7-BBEA80FF7866}"
EndProject
Project("{FAE04EC0-301F-11D3-BF4B-00C04F79EFBC}") = "OSS.Logic", "OSS.Logic\OSS.Logic.csproj", "{14A9A95A-E246-4F83-92C5-7BD4BBD5E554}"
EndProject
Project("{FAE04EC0-301F-11D3-BF4B-00C04F79EFBC}") = "OSS.DataProvider", "OSS.DataProvider\OSS.DataProvider.csproj", "{58F20E91-8FB6-4707-9779-BD848FD54025}"
EndProject
Project("{FAE04EC0-301F-11D3-BF4B-00C04F79EFBC}") = "OSS.Common", "OSS.Common\OSS.Common.csproj", "{7A2B1DFF-E332-4A3A-89E6-C404AA82478F}"
EndProject
Global
	GlobalSection(SolutionConfigurationPlatforms) = preSolution
		Debug|Any CPU = Debug|Any CPU
		Release|Any CPU = Release|Any CPU
	EndGlobalSection
	GlobalSection(ProjectConfigurationPlatforms) = postSolution
		{5B3CE6D8-1439-4B1C-B7F1-42D41AFE6B6B}.Debug|Any CPU.ActiveCfg = Debug|Any CPU
		{5B3CE6D8-1439-4B1C-B7F1-42D41AFE6B6B}.Debug|Any CPU.Build.0 = Debug|Any CPU
		{5B3CE6D8-1439-4B1C-B7F1-42D41AFE6B6B}.Release|Any CPU.ActiveCfg = Release|Any CPU
		{5B3CE6D8-1439-4B1C-B7F1-42D41AFE6B6B}.Release|Any CPU.Build.0 = Release|Any CPU
		{7ED3F73C-7DF7-4319-8BB7-BBEA80FF7866}.Debug|Any CPU.ActiveCfg = Debug|Any CPU
		{7ED3F73C-7DF7-4319-8BB7-BBEA80FF7866}.Debug|Any CPU.Build.0 = Debug|Any CPU
		{7ED3F73C-7DF7-4319-8BB7-BBEA80FF7866}.Release|Any CPU.ActiveCfg = Release|Any CPU
		{7ED3F73C-7DF7-4319-8BB7-BBEA80FF7866}.Release|Any CPU.Build.0 = Release|Any CPU
		{14A9A95A-E246-4F83-92C5-7BD4BBD5E554}.Debug|Any CPU.ActiveCfg = Debug|Any CPU
		{14A9A95A-E246-4F83-92C5-7BD4BBD5E554}.Debug|Any CPU.Build.0 = Debug|Any CPU
		{14A9A95A-E246-4F83-92C5-7BD4BBD5E554}.Release|Any CPU.ActiveCfg = Release|Any CPU
		{14A9A95A-E246-4F83-92C5-7BD4BBD5E554}.Release|Any CPU.Build.0 = Release|Any CPU
		{58F20E91-8FB6-4707-9779-BD848FD54025}.Debug|Any CPU.ActiveCfg = Debug|Any CPU
		{58F20E91-8FB6-4707-9779-BD848FD54025}.Debug|Any CPU.Build.0 = Debug|Any CPU
		{58F20E91-8FB6-4707-9779-BD848FD54025}.Release|Any CPU.ActiveCfg = Release|Any CPU
		{58F20E91-8FB6-4707-9779-BD848FD54025}.Release|Any CPU.Build.0 = Release|Any CPU
		{7A2B1DFF-E332-4A3A-89E6-C404AA82478F}.Debug|Any CPU.ActiveCfg = Debug|Any CPU
		{7A2B1DFF-E332-4A3A-89E6-C404AA82478F}.Debug|Any CPU.Build.0 = Debug|Any CPU
		{7A2B1DFF-E332-4A3A-89E6-C404AA82478F}.Release|Any CPU.ActiveCfg = Release|Any CPU
		{7A2B1DFF-E332-4A3A-89E6-C404AA82478F}.Release|Any CPU.Build.0 = Release|Any CPU
	EndGlobalSection
	GlobalSection(SolutionProperties) = preSolution
		HideSolutionNode = FALSE
	EndGlobalSection
	GlobalSection(ExtensibilityGlobals) = postSolution
		SolutionGuid = {267B18BE-3A35-4D0D-B7C1-727AC92493F3}
	EndGlobalSection
EndGlobal
