
Microsoft Visual Studio Solution File, Format Version 12.00
# Visual Studio Version 16
VisualStudioVersion = 16.0.29905.134
MinimumVisualStudioVersion = 10.0.40219.1
Project("{2150E333-8FDC-42A3-9474-1A3956D46DE8}") = "Domain", "Domain", "{7BCB170E-274D-4096-B38B-EF1277AAF428}"
EndProject
Project("{2150E333-8FDC-42A3-9474-1A3956D46DE8}") = "Infrastructure", "Infrastructure", "{C0F93097-A2AA-490F-A001-F90A617EEFEA}"
EndProject
Project("{2150E333-8FDC-42A3-9474-1A3956D46DE8}") = "WebApplication", "WebApplication", "{9C7FB885-B52E-4BAE-AE71-ADDCE9A2E4DE}"
EndProject
Project("{FAE04EC0-301F-11D3-BF4B-00C04F79EFBC}") = "OSS.Domain", "OSS.Domain\OSS.Domain.csproj", "{11336778-7893-464E-ADCD-FCCF7D19FF36}"
EndProject
Project("{FAE04EC0-301F-11D3-BF4B-00C04F79EFBC}") = "OSS.Domain.Logic.Interfaces", "OSS.Domain.Logic.Interfaces\OSS.Domain.Logic.Interfaces.csproj", "{67B7749A-E05D-4E45-83A3-9796F0689F1F}"
EndProject
Project("{FAE04EC0-301F-11D3-BF4B-00C04F79EFBC}") = "OSS.Domain.Logic.Services", "OSS.Domain.Logic.Services\OSS.Domain.Logic.Services.csproj", "{3849ECEA-C65B-4704-B38C-E37A12B794C5}"
EndProject
Project("{FAE04EC0-301F-11D3-BF4B-00C04F79EFBC}") = "OSS.Data.Interfaces", "OSS.Data.Interfaces\OSS.Data.Interfaces.csproj", "{B1EFAEDE-3A8B-493D-8DFF-1CB0843026C4}"
EndProject
Project("{FAE04EC0-301F-11D3-BF4B-00C04F79EFBC}") = "OSS.Data.Repositories", "OSS.Data.Repositories\OSS.Data.Repositories.csproj", "{E3C4C93B-F248-45C9-9787-8821C5B6498A}"
EndProject
Project("{2150E333-8FDC-42A3-9474-1A3956D46DE8}") = "Common", "Common", "{F2979C76-BC58-4729-9CB8-C0C8C4D7A020}"
EndProject
Project("{FAE04EC0-301F-11D3-BF4B-00C04F79EFBC}") = "OSS.Common", "OSS.Common\OSS.Common.csproj", "{5CDFAD57-0F74-470B-9E2B-F89F9F197A4F}"
EndProject
Project("{FAE04EC0-301F-11D3-BF4B-00C04F79EFBC}") = "OSS.WebApplication", "OSS.WebApplication\OSS.WebApplication.csproj", "{5B3CE6D8-1439-4B1C-B7F1-42D41AFE6B6B}"
EndProject
Global
	GlobalSection(SolutionConfigurationPlatforms) = preSolution
		Debug|Any CPU = Debug|Any CPU
		Release|Any CPU = Release|Any CPU
	EndGlobalSection
	GlobalSection(ProjectConfigurationPlatforms) = postSolution
		{11336778-7893-464E-ADCD-FCCF7D19FF36}.Debug|Any CPU.ActiveCfg = Debug|Any CPU
		{11336778-7893-464E-ADCD-FCCF7D19FF36}.Debug|Any CPU.Build.0 = Debug|Any CPU
		{11336778-7893-464E-ADCD-FCCF7D19FF36}.Release|Any CPU.ActiveCfg = Release|Any CPU
		{11336778-7893-464E-ADCD-FCCF7D19FF36}.Release|Any CPU.Build.0 = Release|Any CPU
		{67B7749A-E05D-4E45-83A3-9796F0689F1F}.Debug|Any CPU.ActiveCfg = Debug|Any CPU
		{67B7749A-E05D-4E45-83A3-9796F0689F1F}.Debug|Any CPU.Build.0 = Debug|Any CPU
		{67B7749A-E05D-4E45-83A3-9796F0689F1F}.Release|Any CPU.ActiveCfg = Release|Any CPU
		{67B7749A-E05D-4E45-83A3-9796F0689F1F}.Release|Any CPU.Build.0 = Release|Any CPU
		{3849ECEA-C65B-4704-B38C-E37A12B794C5}.Debug|Any CPU.ActiveCfg = Debug|Any CPU
		{3849ECEA-C65B-4704-B38C-E37A12B794C5}.Debug|Any CPU.Build.0 = Debug|Any CPU
		{3849ECEA-C65B-4704-B38C-E37A12B794C5}.Release|Any CPU.ActiveCfg = Release|Any CPU
		{3849ECEA-C65B-4704-B38C-E37A12B794C5}.Release|Any CPU.Build.0 = Release|Any CPU
		{B1EFAEDE-3A8B-493D-8DFF-1CB0843026C4}.Debug|Any CPU.ActiveCfg = Debug|Any CPU
		{B1EFAEDE-3A8B-493D-8DFF-1CB0843026C4}.Debug|Any CPU.Build.0 = Debug|Any CPU
		{B1EFAEDE-3A8B-493D-8DFF-1CB0843026C4}.Release|Any CPU.ActiveCfg = Release|Any CPU
		{B1EFAEDE-3A8B-493D-8DFF-1CB0843026C4}.Release|Any CPU.Build.0 = Release|Any CPU
		{E3C4C93B-F248-45C9-9787-8821C5B6498A}.Debug|Any CPU.ActiveCfg = Debug|Any CPU
		{E3C4C93B-F248-45C9-9787-8821C5B6498A}.Debug|Any CPU.Build.0 = Debug|Any CPU
		{E3C4C93B-F248-45C9-9787-8821C5B6498A}.Release|Any CPU.ActiveCfg = Release|Any CPU
		{E3C4C93B-F248-45C9-9787-8821C5B6498A}.Release|Any CPU.Build.0 = Release|Any CPU
		{5CDFAD57-0F74-470B-9E2B-F89F9F197A4F}.Debug|Any CPU.ActiveCfg = Debug|Any CPU
		{5CDFAD57-0F74-470B-9E2B-F89F9F197A4F}.Debug|Any CPU.Build.0 = Debug|Any CPU
		{5CDFAD57-0F74-470B-9E2B-F89F9F197A4F}.Release|Any CPU.ActiveCfg = Release|Any CPU
		{5CDFAD57-0F74-470B-9E2B-F89F9F197A4F}.Release|Any CPU.Build.0 = Release|Any CPU
		{5B3CE6D8-1439-4B1C-B7F1-42D41AFE6B6B}.Debug|Any CPU.ActiveCfg = Debug|Any CPU
		{5B3CE6D8-1439-4B1C-B7F1-42D41AFE6B6B}.Debug|Any CPU.Build.0 = Debug|Any CPU
		{5B3CE6D8-1439-4B1C-B7F1-42D41AFE6B6B}.Release|Any CPU.ActiveCfg = Release|Any CPU
		{5B3CE6D8-1439-4B1C-B7F1-42D41AFE6B6B}.Release|Any CPU.Build.0 = Release|Any CPU
	EndGlobalSection
	GlobalSection(SolutionProperties) = preSolution
		HideSolutionNode = FALSE
	EndGlobalSection
	GlobalSection(NestedProjects) = preSolution
		{11336778-7893-464E-ADCD-FCCF7D19FF36} = {7BCB170E-274D-4096-B38B-EF1277AAF428}
		{67B7749A-E05D-4E45-83A3-9796F0689F1F} = {7BCB170E-274D-4096-B38B-EF1277AAF428}
		{3849ECEA-C65B-4704-B38C-E37A12B794C5} = {7BCB170E-274D-4096-B38B-EF1277AAF428}
		{B1EFAEDE-3A8B-493D-8DFF-1CB0843026C4} = {C0F93097-A2AA-490F-A001-F90A617EEFEA}
		{E3C4C93B-F248-45C9-9787-8821C5B6498A} = {C0F93097-A2AA-490F-A001-F90A617EEFEA}
		{5CDFAD57-0F74-470B-9E2B-F89F9F197A4F} = {F2979C76-BC58-4729-9CB8-C0C8C4D7A020}
		{5B3CE6D8-1439-4B1C-B7F1-42D41AFE6B6B} = {9C7FB885-B52E-4BAE-AE71-ADDCE9A2E4DE}
	EndGlobalSection
	GlobalSection(ExtensibilityGlobals) = postSolution
		SolutionGuid = {267B18BE-3A35-4D0D-B7C1-727AC92493F3}
	EndGlobalSection
EndGlobal
